{
  "name": "docs-gen",
  "version": "1.0.0",
  "lockfileVersion": 3,
  "requires": true,
  "packages": {
    "": {
      "name": "docs-gen",
      "version": "1.0.0",
      "dependencies": {
        "ajv": "^8.20.0",
        "chokidar": "^4.0.3",
        "markdown-it": "^14.1.0",
        "markdown-it-anchor": "^9.2.0",
        "yaml": "^2.9.0"
      },
      "engines": {
        "node": ">=24"
      }
    },
    "node_modules/@types/linkify-it": {
      "version": "5.0.0",
      "resolved": "https://registry.npmjs.org/@types/linkify-it/-/linkify-it-5.0.0.tgz",
      "integrity": "sha512-sVDA58zAw4eWAffKOaQH5/5j3XeayukzDk+ewSsnv3p4yJEZHCCzMDiZM8e0OUrRvmpGZ85jf4yDHkHsgBNr9Q==",
      "license": "MIT",
      "peer": true
    },
    "node_modules/@types/markdown-it": {
      "version": "14.1.2",
      "resolved": "https://registry.npmjs.org/@types/markdown-it/-/markdown-it-14.1.2.tgz",
      "integrity": "sha512-promo4eFwuiW+TfGxhi+0x3czqTYJkG8qB17ZUJiVF10Xm7NLVRSLUsfRTU/6h1e24VvRnXCx+hG7li58lkzog==",
      "license": "MIT",
      "peer": true,
      "dependencies": {
        "@types/linkify-it": "^5",
        "@types/mdurl": "^2"
      }
    },
    "node_modules/@types/mdurl": {
      "version": "2.0.0",
      "resolved": "https://registry.npmjs.org/@types/mdurl/-/mdurl-2.0.0.tgz",
      "integrity": "sha512-RGdgjQUZba5p6QEFAVx2OGb8rQDL/cPRG7GiedRzMcJ1tYnUANBncjbSB1NRGwbvjcPeikRABz2nshyPk1bhWg==",
      "license": "MIT",
      "peer": true
    },
    "node_modules/ajv": {
      "version": "8.20.0",
      "resolved": "https://registry.npmjs.org/ajv/-/ajv-8.20.0.tgz",
      "integrity": "sha512-Thbli+OlOj+iMPYFBVBfJ3OmCAnaSyNn4M1vz9T6Gka5Jt9ba/HIR56joy65tY6kx/FCF5VXNB819Y7/GUrBGA==",
      "license": "MIT",
      "dependencies": {
        "fast-deep-equal": "^3.1.3",
        "fast-uri": "^3.0.1",
        "json-schema-traverse": "^1.0.0",
        "require-from-string": "^2.0.2"
      },
      "funding": {
        "type": "github",
        "url": "https://github.com/sponsors/epoberezkin"
      }
    },
    "node_modules/argparse": {
      "version": "2.0.1",
      "resolved": "https://registry.npmjs.org/argparse/-/argparse-2.0.1.tgz",
      "integrity": "sha512-8+9WqebbFzpX9OR+Wa6O29asIogeRMzcGtAINdpMHHyAg10f05aSFVBbcEqGf/PXw1EjAZ+q2/bEBg3DvurK3Q==",
      "license": "Python-2.0"
    },
    "node_modules/chokidar": {
      "version": "4.0.3",
      "resolved": "https://registry.npmjs.org/chokidar/-/chokidar-4.0.3.tgz",
      "integrity": "sha512-Qgzu8kfBvo+cA4962jnP1KkS6Dop5NS6g7R5LFYJr4b8Ub94PPQXUksCw9PvXoeXPRRddRNC5C1JQUR2SMGtnA==",
      "license": "MIT",
      "dependencies": {
        "readdirp": "^4.0.1"
      },
      "engines": {
        "node": ">= 14.16.0"
      },
      "funding": {
        "url": "https://paulmillr.com/funding/"
      }
    },
    "node_modules/entities": {
      "version": "4.5.0",
      "resolved": "https://registry.npmjs.org/entities/-/entities-4.5.0.tgz",
      "integrity": "sha512-V0hjH4dGPh9Ao5p0MoRY6BVqtwCjhz6vI5LT8AJ55H+4g9/4vbHx1I54fS0XuclLhDHArPQCiMjDxjaL8fPxhw==",
      "license": "BSD-2-Clause",
      "engines": {
        "node": ">=0.12"
      },
      "funding": {
        "url": "https://github.com/fb55/entities?sponsor=1"
      }
    },
    "node_modules/fast-deep-equal": {
      "version": "3.1.3",
      "resolved": "https://registry.npmjs.org/fast-deep-equal/-/fast-deep-equal-3.1.3.tgz",
      "integrity": "sha512-f3qQ9oQy9j2AhBe/H9VC91wLmKBCCU/gDOnKNAYG5hswO7BLKj09Hc5HYNz9cGI++xlpDCIgDaitVs03ATR84Q==",
      "license": "MIT"
    },
    "node_modules/fast-uri": {
      "version": "3.1.2",
      "resolved": "https://registry.npmjs.org/fast-uri/-/fast-uri-3.1.2.tgz",
      "integrity": "sha512-rVjf7ArG3LTk+FS6Yw81V1DLuZl1bRbNrev6Tmd/9RaroeeRRJhAt7jg/6YFxbvAQXUCavSoZhPPj6oOx+5KjQ==",
      "funding": [
        {
          "type": "github",
          "url": "https://github.com/sponsors/fastify"
        },
        {
          "type": "opencollective",
          "url": "https://opencollective.com/fastify"
        }
      ],
      "license": "BSD-3-Clause"
    },
    "node_modules/json-schema-traverse": {
      "version": "1.0.0",
      "resolved": "https://registry.npmjs.org/json-schema-traverse/-/json-schema-traverse-1.0.0.tgz",
      "integrity": "sha512-NM8/P9n3XjXhIZn1lLhkFaACTOURQXjWhV4BA/RnOv8xvgqtqpAX9IO4mRQxSx1Rlo4tqzeqb0sOlruaOy3dug==",
      "license": "MIT"
    },
    "node_modules/linkify-it": {
      "version": "5.0.1",
      "resolved": "https://registry.npmjs.org/linkify-it/-/linkify-it-5.0.1.tgz",
      "integrity": "sha512-wVoTjP4Q6R0NW5hiZkVJaFZPWgtXfoGF+6LucL3/FtiNjmcHhYjEr5f1Kqjirc1nBW07J/ZuRFumqr2oqccEWg==",
      "funding": [
        {
          "type": "github",
          "url": "https://github.com/sponsors/puzrin"
        },
        {
          "type": "github",
          "url": "https://github.com/sponsors/markdown-it"
        }
      ],
      "license": "MIT",
      "dependencies": {
        "uc.micro": "^2.0.0"
      }
    },
    "node_modules/markdown-it": {
      "version": "14.2.0",
      "resolved": "https://registry.npmjs.org/markdown-it/-/markdown-it-14.2.0.tgz",
      "integrity": "sha512-1TGiQiJVRQ3NPmZH6sx5Cfnmg6GQm9jvC1ch4TK511NjSJvjzKLzn5pPfZRNZkRPZP0HqCioSndqH8v2nRaWVQ==",
      "funding": [
        {
          "type": "github",
          "url": "https://github.com/sponsors/puzrin"
        },
        {
          "type": "github",
          "url": "https://github.com/sponsors/markdown-it"
        }
      ],
      "license": "MIT",
      "dependencies": {
        "argparse": "^2.0.1",
        "entities": "^4.4.0",
        "linkify-it": "^5.0.1",
        "mdurl": "^2.0.0",
        "punycode.js": "^2.3.1",
        "uc.micro": "^2.1.0"
      },
      "bin": {
        "markdown-it": "bin/markdown-it.mjs"
      }
    },
    "node_modules/markdown-it-anchor": {
      "version": "9.2.0",
      "resolved": "https://registry.npmjs.org/markdown-it-anchor/-/markdown-it-anchor-9.2.0.tgz",
      "integrity": "sha512-sa2ErMQ6kKOA4l31gLGYliFQrMKkqSO0ZJgGhDHKijPf0pNFM9vghjAh3gn26pS4JDRs7Iwa9S36gxm3vgZTzg==",
      "license": "Unlicense",
      "peerDependencies": {
        "@types/markdown-it": "*",
        "markdown-it": "*"
      }
    },
    "node_modules/mdurl": {
      "version": "2.0.0",
      "resolved": "https://registry.npmjs.org/mdurl/-/mdurl-2.0.0.tgz",
      "integrity": "sha512-Lf+9+2r+Tdp5wXDXC4PcIBjTDtq4UKjCPMQhKIuzpJNW0b96kVqSwW0bT7FhRSfmAiFYgP+SCRvdrDozfh0U5w==",
      "license": "MIT"
    },
    "node_modules/punycode.js": {
      "version": "2.3.1",
      "resolved": "https://registry.npmjs.org/punycode.js/-/punycode.js-2.3.1.tgz",
      "integrity": "sha512-uxFIHU0YlHYhDQtV4R9J6a52SLx28BCjT+4ieh7IGbgwVJWO+km431c4yRlREUAsAmt/uMjQUyQHNEPf0M39CA==",
      "license": "MIT",
      "engines": {
        "node": ">=6"
      }
    },
    "node_modules/readdirp": {
      "version": "4.1.2",
      "resolved": "https://registry.npmjs.org/readdirp/-/readdirp-4.1.2.tgz",
      "integrity": "sha512-GDhwkLfywWL2s6vEjyhri+eXmfH6j1L7JE27WhqLeYzoh/A3DBaYGEj2H/HFZCn/kMfim73FXxEJTw06WtxQwg==",
      "license": "MIT",
      "engines": {
        "node": ">= 14.18.0"
      },
      "funding": {
        "type": "individual",
        "url": "https://paulmillr.com/funding/"
      }
    },
    "node_modules/require-from-string": {
      "version": "2.0.2",
      "resolved": "https://registry.npmjs.org/require-from-string/-/require-from-string-2.0.2.tgz",
      "integrity": "sha512-Xf0nWe6RseziFMu+Ap9biiUbmplq6S9/p+7w7YXP/JBHhrUDDUhwa+vANyubuqfZWTveU//DYVGsDG7RKL/vEw==",
      "license": "MIT",
      "engines": {
        "node": ">=0.10.0"
      }
    },
    "node_modules/uc.micro": {
      "version": "2.1.0",
      "resolved": "https://registry.npmjs.org/uc.micro/-/uc.micro-2.1.0.tgz",
      "integrity": "sha512-ARDJmphmdvUk6Glw7y9DQ2bFkKBHwQHLi2lsaH6PPmz/Ka9sFOBsBluozhDltWmnv9u/cF6Rt87znRTPV+yp/A==",
      "license": "MIT"
    },
    "node_modules/yaml": {
      "version": "2.9.0",
      "resolved": "https://registry.npmjs.org/yaml/-/yaml-2.9.0.tgz",
      "integrity": "sha512-2AvhNX3mb8zd6Zy7INTtSpl1F15HW6Wnqj0srWlkKLcpYl/gMIMJiyuGq2KeI2YFxUPjdlB+3Lc10seMLtL4cA==",
      "license": "ISC",
      "bin": {
        "yaml": "bin.mjs"
      },
      "engines": {
        "node": ">= 14.6"
      },
      "funding": {
        "url": "https://github.com/sponsors/eemeli"
      }
    }
  }
}
